
Microsoft Visual Studio Solution File, Format Version 12.00
# Visual Studio 15
VisualStudioVersion = 15.0.26124.0
MinimumVisualStudioVersion = 15.0.26124.0
Project("{2150E333-8FDC-42A3-9474-1A3956D46DE8}") = "src", "src", "{8EDB09EE-C7D6-4830-8E16-6559C8395349}"
EndProject
Project("{FAE04EC0-301F-11D3-BF4B-00C04F79EFBC}") = "Thermite", "src\Core\Thermite.csproj", "{AE869875-16DB-45B6-9D1E-74BD2AC78C9E}"
EndProject
Project("{2150E333-8FDC-42A3-9474-1A3956D46DE8}") = "natives", "natives", "{4C657939-B203-46BC-AC26-796E1DB8E376}"
EndProject
Project("{8BC9CEB8-8B4A-11D0-8D11-00A0C91BC942}") = "minimp3", "natives\minimp3\minimp3.cxxproj", "{362F1BDF-6D6C-472A-981B-760F6A9919C0}"
EndProject
Global
	GlobalSection(SolutionConfigurationPlatforms) = preSolution
		Debug|Any CPU = Debug|Any CPU
		Debug|x64 = Debug|x64
		Debug|x86 = Debug|x86
		Release|Any CPU = Release|Any CPU
		Release|x64 = Release|x64
		Release|x86 = Release|x86
	EndGlobalSection
	GlobalSection(SolutionProperties) = preSolution
		HideSolutionNode = FALSE
	EndGlobalSection
	GlobalSection(ProjectConfigurationPlatforms) = postSolution
		{AE869875-16DB-45B6-9D1E-74BD2AC78C9E}.Debug|Any CPU.ActiveCfg = Debug|Any CPU
		{AE869875-16DB-45B6-9D1E-74BD2AC78C9E}.Debug|Any CPU.Build.0 = Debug|Any CPU
		{AE869875-16DB-45B6-9D1E-74BD2AC78C9E}.Debug|x64.ActiveCfg = Debug|Any CPU
		{AE869875-16DB-45B6-9D1E-74BD2AC78C9E}.Debug|x64.Build.0 = Debug|Any CPU
		{AE869875-16DB-45B6-9D1E-74BD2AC78C9E}.Debug|x86.ActiveCfg = Debug|Any CPU
		{AE869875-16DB-45B6-9D1E-74BD2AC78C9E}.Debug|x86.Build.0 = Debug|Any CPU
		{AE869875-16DB-45B6-9D1E-74BD2AC78C9E}.Release|Any CPU.ActiveCfg = Release|Any CPU
		{AE869875-16DB-45B6-9D1E-74BD2AC78C9E}.Release|Any CPU.Build.0 = Release|Any CPU
		{AE869875-16DB-45B6-9D1E-74BD2AC78C9E}.Release|x64.ActiveCfg = Release|Any CPU
		{AE869875-16DB-45B6-9D1E-74BD2AC78C9E}.Release|x64.Build.0 = Release|Any CPU
		{AE869875-16DB-45B6-9D1E-74BD2AC78C9E}.Release|x86.ActiveCfg = Release|Any CPU
		{AE869875-16DB-45B6-9D1E-74BD2AC78C9E}.Release|x86.Build.0 = Release|Any CPU
		{362F1BDF-6D6C-472A-981B-760F6A9919C0}.Debug|Any CPU.ActiveCfg = Debug|Any CPU
		{362F1BDF-6D6C-472A-981B-760F6A9919C0}.Debug|Any CPU.Build.0 = Debug|Any CPU
		{362F1BDF-6D6C-472A-981B-760F6A9919C0}.Debug|x64.ActiveCfg = Debug|Any CPU
		{362F1BDF-6D6C-472A-981B-760F6A9919C0}.Debug|x64.Build.0 = Debug|Any CPU
		{362F1BDF-6D6C-472A-981B-760F6A9919C0}.Debug|x86.ActiveCfg = Debug|Any CPU
		{362F1BDF-6D6C-472A-981B-760F6A9919C0}.Debug|x86.Build.0 = Debug|Any CPU
		{362F1BDF-6D6C-472A-981B-760F6A9919C0}.Release|Any CPU.ActiveCfg = Debug|Any CPU
		{362F1BDF-6D6C-472A-981B-760F6A9919C0}.Release|Any CPU.Build.0 = Debug|Any CPU
		{362F1BDF-6D6C-472A-981B-760F6A9919C0}.Release|x64.ActiveCfg = Debug|Any CPU
		{362F1BDF-6D6C-472A-981B-760F6A9919C0}.Release|x64.Build.0 = Debug|Any CPU
		{362F1BDF-6D6C-472A-981B-760F6A9919C0}.Release|x86.ActiveCfg = Debug|Any CPU
		{362F1BDF-6D6C-472A-981B-760F6A9919C0}.Release|x86.Build.0 = Debug|Any CPU
	EndGlobalSection
	GlobalSection(NestedProjects) = preSolution
		{AE869875-16DB-45B6-9D1E-74BD2AC78C9E} = {8EDB09EE-C7D6-4830-8E16-6559C8395349}
		{362F1BDF-6D6C-472A-981B-760F6A9919C0} = {4C657939-B203-46BC-AC26-796E1DB8E376}
	EndGlobalSection
EndGlobal
