
Microsoft Visual Studio Solution File, Format Version 12.00
# Visual Studio 15
VisualStudioVersion = 15.0.26124.0
MinimumVisualStudioVersion = 15.0.26124.0
Project("{2150E333-8FDC-42A3-9474-1A3956D46DE8}") = "natives", "natives", "{647D7025-88E9-4E6C-ABBF-48F195F2FB17}"
EndProject
Project("{8BC9CEB8-8B4A-11D0-8D11-00A0C91BC942}") = "minimp3", "natives\minimp3\minimp3.cxxproj", "{A533A82A-50F2-492C-A3A6-C0F969E54D09}"
EndProject
Project("{2150E333-8FDC-42A3-9474-1A3956D46DE8}") = "src", "src", "{BEFC8632-D995-452E-9313-FFFBD16D4000}"
EndProject
Project("{FAE04EC0-301F-11D3-BF4B-00C04F79EFBC}") = "Thermite", "src\Core\Thermite.csproj", "{16519209-1499-4EA0-A83C-0F35799F58D7}"
EndProject
Project("{2150E333-8FDC-42A3-9474-1A3956D46DE8}") = "Decoders", "Decoders", "{E7C709C4-EF83-4FE4-AA44-55FCD71E14FA}"
EndProject
Project("{FAE04EC0-301F-11D3-BF4B-00C04F79EFBC}") = "Thermite.Decoders.Matroska", "src\Decoders\Matroska\Thermite.Decoders.Matroska.csproj", "{9AD19108-3F71-439C-BA88-5E2292C3FE16}"
EndProject
Project("{FAE04EC0-301F-11D3-BF4B-00C04F79EFBC}") = "Thermite.Decoders.Mpeg", "src\Decoders\Mpeg\Thermite.Decoders.Mpeg.csproj", "{1365D536-590C-483C-B74C-E4F71F838520}"
EndProject
Project("{FAE04EC0-301F-11D3-BF4B-00C04F79EFBC}") = "Thermite.Decoders.Wave", "src\Decoders\Wave\Thermite.Decoders.Wave.csproj", "{0FDC2CE5-8F3C-41AC-A06E-E396B2E701E2}"
EndProject
Project("{2150E333-8FDC-42A3-9474-1A3956D46DE8}") = "Interop", "Interop", "{FA162CE3-75B9-4268-B48D-6A3E9676ABFC}"
EndProject
Project("{FAE04EC0-301F-11D3-BF4B-00C04F79EFBC}") = "Thermite.Interop.MiniMp3", "src\Interop\MiniMp3\Thermite.Interop.MiniMp3.csproj", "{BB5C2041-FAFF-4CD0-895E-390A11DCFAB3}"
EndProject
Project("{FAE04EC0-301F-11D3-BF4B-00C04F79EFBC}") = "Thermite.Interop.Opus", "src\Interop\Opus\Thermite.Interop.Opus.csproj", "{452C268A-793F-4166-800A-ECA69E77B817}"
EndProject
Project("{FAE04EC0-301F-11D3-BF4B-00C04F79EFBC}") = "Thermite.Interop.Sodium", "src\Interop\Sodium\Thermite.Interop.Sodium.csproj", "{D3689C68-FD69-40A2-AAF4-14033F79D50C}"
EndProject
Project("{2150E333-8FDC-42A3-9474-1A3956D46DE8}") = "Providers", "Providers", "{20DF9728-9299-4FF9-BEEC-DC296BF3DFE6}"
EndProject
Project("{FAE04EC0-301F-11D3-BF4B-00C04F79EFBC}") = "Thermite.Providers.Http", "src\Providers\Http\Thermite.Providers.Http.csproj", "{C161829F-A266-466C-99F0-587FFDEDD396}"
EndProject
Project("{2150E333-8FDC-42A3-9474-1A3956D46DE8}") = "Sources", "Sources", "{8F93652A-7BB0-4AA0-96F6-D659C8A0AA7D}"
EndProject
Project("{FAE04EC0-301F-11D3-BF4B-00C04F79EFBC}") = "Thermite.Sources.YouTube", "src\Sources\YouTube\Thermite.Sources.YouTube.csproj", "{58B88E78-4994-4D5F-AAE8-D93543329660}"
EndProject
Project("{2150E333-8FDC-42A3-9474-1A3956D46DE8}") = "Transcoders", "Transcoders", "{2519A26E-8320-41C1-B40D-635CF747932F}"
EndProject
Project("{FAE04EC0-301F-11D3-BF4B-00C04F79EFBC}") = "Thermite.Transcoders.Mpeg", "src\Transcoders\Mpeg\Thermite.Transcoders.Mpeg.csproj", "{7C52A6DA-D7BC-4605-B82C-8067B7346DEE}"
EndProject
Project("{FAE04EC0-301F-11D3-BF4B-00C04F79EFBC}") = "Thermite.Transcoders.Opus", "src\Transcoders\Opus\Thermite.Transcoders.Opus.csproj", "{F11A883A-A842-44B0-8A09-471991D4E08C}"
EndProject
Project("{FAE04EC0-301F-11D3-BF4B-00C04F79EFBC}") = "Thermite.Transcoders.Pcm", "src\Transcoders\Pcm\Thermite.Transcoders.Pcm.csproj", "{C0832486-B150-4285-B566-E1AC8DEE3E9E}"
EndProject
Global
	GlobalSection(SolutionConfigurationPlatforms) = preSolution
		Debug|Any CPU = Debug|Any CPU
		Debug|x64 = Debug|x64
		Debug|x86 = Debug|x86
		Release|Any CPU = Release|Any CPU
		Release|x64 = Release|x64
		Release|x86 = Release|x86
	EndGlobalSection
	GlobalSection(SolutionProperties) = preSolution
		HideSolutionNode = FALSE
	EndGlobalSection
	GlobalSection(ProjectConfigurationPlatforms) = postSolution
		{A533A82A-50F2-492C-A3A6-C0F969E54D09}.Debug|Any CPU.ActiveCfg = Debug|Any CPU
		{A533A82A-50F2-492C-A3A6-C0F969E54D09}.Debug|Any CPU.Build.0 = Debug|Any CPU
		{A533A82A-50F2-492C-A3A6-C0F969E54D09}.Debug|x64.ActiveCfg = Debug|Any CPU
		{A533A82A-50F2-492C-A3A6-C0F969E54D09}.Debug|x64.Build.0 = Debug|Any CPU
		{A533A82A-50F2-492C-A3A6-C0F969E54D09}.Debug|x86.ActiveCfg = Debug|Any CPU
		{A533A82A-50F2-492C-A3A6-C0F969E54D09}.Debug|x86.Build.0 = Debug|Any CPU
		{A533A82A-50F2-492C-A3A6-C0F969E54D09}.Release|Any CPU.ActiveCfg = Release|Any CPU
		{A533A82A-50F2-492C-A3A6-C0F969E54D09}.Release|Any CPU.Build.0 = Release|Any CPU
		{A533A82A-50F2-492C-A3A6-C0F969E54D09}.Release|x64.ActiveCfg = Release|Any CPU
		{A533A82A-50F2-492C-A3A6-C0F969E54D09}.Release|x64.Build.0 = Release|Any CPU
		{A533A82A-50F2-492C-A3A6-C0F969E54D09}.Release|x86.ActiveCfg = Release|Any CPU
		{A533A82A-50F2-492C-A3A6-C0F969E54D09}.Release|x86.Build.0 = Release|Any CPU
		{16519209-1499-4EA0-A83C-0F35799F58D7}.Debug|Any CPU.ActiveCfg = Debug|Any CPU
		{16519209-1499-4EA0-A83C-0F35799F58D7}.Debug|Any CPU.Build.0 = Debug|Any CPU
		{16519209-1499-4EA0-A83C-0F35799F58D7}.Debug|x64.ActiveCfg = Debug|Any CPU
		{16519209-1499-4EA0-A83C-0F35799F58D7}.Debug|x64.Build.0 = Debug|Any CPU
		{16519209-1499-4EA0-A83C-0F35799F58D7}.Debug|x86.ActiveCfg = Debug|Any CPU
		{16519209-1499-4EA0-A83C-0F35799F58D7}.Debug|x86.Build.0 = Debug|Any CPU
		{16519209-1499-4EA0-A83C-0F35799F58D7}.Release|Any CPU.ActiveCfg = Release|Any CPU
		{16519209-1499-4EA0-A83C-0F35799F58D7}.Release|Any CPU.Build.0 = Release|Any CPU
		{16519209-1499-4EA0-A83C-0F35799F58D7}.Release|x64.ActiveCfg = Release|Any CPU
		{16519209-1499-4EA0-A83C-0F35799F58D7}.Release|x64.Build.0 = Release|Any CPU
		{16519209-1499-4EA0-A83C-0F35799F58D7}.Release|x86.ActiveCfg = Release|Any CPU
		{16519209-1499-4EA0-A83C-0F35799F58D7}.Release|x86.Build.0 = Release|Any CPU
		{9AD19108-3F71-439C-BA88-5E2292C3FE16}.Debug|Any CPU.ActiveCfg = Debug|Any CPU
		{9AD19108-3F71-439C-BA88-5E2292C3FE16}.Debug|Any CPU.Build.0 = Debug|Any CPU
		{9AD19108-3F71-439C-BA88-5E2292C3FE16}.Debug|x64.ActiveCfg = Debug|Any CPU
		{9AD19108-3F71-439C-BA88-5E2292C3FE16}.Debug|x64.Build.0 = Debug|Any CPU
		{9AD19108-3F71-439C-BA88-5E2292C3FE16}.Debug|x86.ActiveCfg = Debug|Any CPU
		{9AD19108-3F71-439C-BA88-5E2292C3FE16}.Debug|x86.Build.0 = Debug|Any CPU
		{9AD19108-3F71-439C-BA88-5E2292C3FE16}.Release|Any CPU.ActiveCfg = Release|Any CPU
		{9AD19108-3F71-439C-BA88-5E2292C3FE16}.Release|Any CPU.Build.0 = Release|Any CPU
		{9AD19108-3F71-439C-BA88-5E2292C3FE16}.Release|x64.ActiveCfg = Release|Any CPU
		{9AD19108-3F71-439C-BA88-5E2292C3FE16}.Release|x64.Build.0 = Release|Any CPU
		{9AD19108-3F71-439C-BA88-5E2292C3FE16}.Release|x86.ActiveCfg = Release|Any CPU
		{9AD19108-3F71-439C-BA88-5E2292C3FE16}.Release|x86.Build.0 = Release|Any CPU
		{1365D536-590C-483C-B74C-E4F71F838520}.Debug|Any CPU.ActiveCfg = Debug|Any CPU
		{1365D536-590C-483C-B74C-E4F71F838520}.Debug|Any CPU.Build.0 = Debug|Any CPU
		{1365D536-590C-483C-B74C-E4F71F838520}.Debug|x64.ActiveCfg = Debug|Any CPU
		{1365D536-590C-483C-B74C-E4F71F838520}.Debug|x64.Build.0 = Debug|Any CPU
		{1365D536-590C-483C-B74C-E4F71F838520}.Debug|x86.ActiveCfg = Debug|Any CPU
		{1365D536-590C-483C-B74C-E4F71F838520}.Debug|x86.Build.0 = Debug|Any CPU
		{1365D536-590C-483C-B74C-E4F71F838520}.Release|Any CPU.ActiveCfg = Release|Any CPU
		{1365D536-590C-483C-B74C-E4F71F838520}.Release|Any CPU.Build.0 = Release|Any CPU
		{1365D536-590C-483C-B74C-E4F71F838520}.Release|x64.ActiveCfg = Release|Any CPU
		{1365D536-590C-483C-B74C-E4F71F838520}.Release|x64.Build.0 = Release|Any CPU
		{1365D536-590C-483C-B74C-E4F71F838520}.Release|x86.ActiveCfg = Release|Any CPU
		{1365D536-590C-483C-B74C-E4F71F838520}.Release|x86.Build.0 = Release|Any CPU
		{0FDC2CE5-8F3C-41AC-A06E-E396B2E701E2}.Debug|Any CPU.ActiveCfg = Debug|Any CPU
		{0FDC2CE5-8F3C-41AC-A06E-E396B2E701E2}.Debug|Any CPU.Build.0 = Debug|Any CPU
		{0FDC2CE5-8F3C-41AC-A06E-E396B2E701E2}.Debug|x64.ActiveCfg = Debug|Any CPU
		{0FDC2CE5-8F3C-41AC-A06E-E396B2E701E2}.Debug|x64.Build.0 = Debug|Any CPU
		{0FDC2CE5-8F3C-41AC-A06E-E396B2E701E2}.Debug|x86.ActiveCfg = Debug|Any CPU
		{0FDC2CE5-8F3C-41AC-A06E-E396B2E701E2}.Debug|x86.Build.0 = Debug|Any CPU
		{0FDC2CE5-8F3C-41AC-A06E-E396B2E701E2}.Release|Any CPU.ActiveCfg = Release|Any CPU
		{0FDC2CE5-8F3C-41AC-A06E-E396B2E701E2}.Release|Any CPU.Build.0 = Release|Any CPU
		{0FDC2CE5-8F3C-41AC-A06E-E396B2E701E2}.Release|x64.ActiveCfg = Release|Any CPU
		{0FDC2CE5-8F3C-41AC-A06E-E396B2E701E2}.Release|x64.Build.0 = Release|Any CPU
		{0FDC2CE5-8F3C-41AC-A06E-E396B2E701E2}.Release|x86.ActiveCfg = Release|Any CPU
		{0FDC2CE5-8F3C-41AC-A06E-E396B2E701E2}.Release|x86.Build.0 = Release|Any CPU
		{BB5C2041-FAFF-4CD0-895E-390A11DCFAB3}.Debug|Any CPU.ActiveCfg = Debug|Any CPU
		{BB5C2041-FAFF-4CD0-895E-390A11DCFAB3}.Debug|Any CPU.Build.0 = Debug|Any CPU
		{BB5C2041-FAFF-4CD0-895E-390A11DCFAB3}.Debug|x64.ActiveCfg = Debug|Any CPU
		{BB5C2041-FAFF-4CD0-895E-390A11DCFAB3}.Debug|x64.Build.0 = Debug|Any CPU
		{BB5C2041-FAFF-4CD0-895E-390A11DCFAB3}.Debug|x86.ActiveCfg = Debug|Any CPU
		{BB5C2041-FAFF-4CD0-895E-390A11DCFAB3}.Debug|x86.Build.0 = Debug|Any CPU
		{BB5C2041-FAFF-4CD0-895E-390A11DCFAB3}.Release|Any CPU.ActiveCfg = Release|Any CPU
		{BB5C2041-FAFF-4CD0-895E-390A11DCFAB3}.Release|Any CPU.Build.0 = Release|Any CPU
		{BB5C2041-FAFF-4CD0-895E-390A11DCFAB3}.Release|x64.ActiveCfg = Release|Any CPU
		{BB5C2041-FAFF-4CD0-895E-390A11DCFAB3}.Release|x64.Build.0 = Release|Any CPU
		{BB5C2041-FAFF-4CD0-895E-390A11DCFAB3}.Release|x86.ActiveCfg = Release|Any CPU
		{BB5C2041-FAFF-4CD0-895E-390A11DCFAB3}.Release|x86.Build.0 = Release|Any CPU
		{452C268A-793F-4166-800A-ECA69E77B817}.Debug|Any CPU.ActiveCfg = Debug|Any CPU
		{452C268A-793F-4166-800A-ECA69E77B817}.Debug|Any CPU.Build.0 = Debug|Any CPU
		{452C268A-793F-4166-800A-ECA69E77B817}.Debug|x64.ActiveCfg = Debug|Any CPU
		{452C268A-793F-4166-800A-ECA69E77B817}.Debug|x64.Build.0 = Debug|Any CPU
		{452C268A-793F-4166-800A-ECA69E77B817}.Debug|x86.ActiveCfg = Debug|Any CPU
		{452C268A-793F-4166-800A-ECA69E77B817}.Debug|x86.Build.0 = Debug|Any CPU
		{452C268A-793F-4166-800A-ECA69E77B817}.Release|Any CPU.ActiveCfg = Release|Any CPU
		{452C268A-793F-4166-800A-ECA69E77B817}.Release|Any CPU.Build.0 = Release|Any CPU
		{452C268A-793F-4166-800A-ECA69E77B817}.Release|x64.ActiveCfg = Release|Any CPU
		{452C268A-793F-4166-800A-ECA69E77B817}.Release|x64.Build.0 = Release|Any CPU
		{452C268A-793F-4166-800A-ECA69E77B817}.Release|x86.ActiveCfg = Release|Any CPU
		{452C268A-793F-4166-800A-ECA69E77B817}.Release|x86.Build.0 = Release|Any CPU
		{D3689C68-FD69-40A2-AAF4-14033F79D50C}.Debug|Any CPU.ActiveCfg = Debug|Any CPU
		{D3689C68-FD69-40A2-AAF4-14033F79D50C}.Debug|Any CPU.Build.0 = Debug|Any CPU
		{D3689C68-FD69-40A2-AAF4-14033F79D50C}.Debug|x64.ActiveCfg = Debug|Any CPU
		{D3689C68-FD69-40A2-AAF4-14033F79D50C}.Debug|x64.Build.0 = Debug|Any CPU
		{D3689C68-FD69-40A2-AAF4-14033F79D50C}.Debug|x86.ActiveCfg = Debug|Any CPU
		{D3689C68-FD69-40A2-AAF4-14033F79D50C}.Debug|x86.Build.0 = Debug|Any CPU
		{D3689C68-FD69-40A2-AAF4-14033F79D50C}.Release|Any CPU.ActiveCfg = Release|Any CPU
		{D3689C68-FD69-40A2-AAF4-14033F79D50C}.Release|Any CPU.Build.0 = Release|Any CPU
		{D3689C68-FD69-40A2-AAF4-14033F79D50C}.Release|x64.ActiveCfg = Release|Any CPU
		{D3689C68-FD69-40A2-AAF4-14033F79D50C}.Release|x64.Build.0 = Release|Any CPU
		{D3689C68-FD69-40A2-AAF4-14033F79D50C}.Release|x86.ActiveCfg = Release|Any CPU
		{D3689C68-FD69-40A2-AAF4-14033F79D50C}.Release|x86.Build.0 = Release|Any CPU
		{C161829F-A266-466C-99F0-587FFDEDD396}.Debug|Any CPU.ActiveCfg = Debug|Any CPU
		{C161829F-A266-466C-99F0-587FFDEDD396}.Debug|Any CPU.Build.0 = Debug|Any CPU
		{C161829F-A266-466C-99F0-587FFDEDD396}.Debug|x64.ActiveCfg = Debug|Any CPU
		{C161829F-A266-466C-99F0-587FFDEDD396}.Debug|x64.Build.0 = Debug|Any CPU
		{C161829F-A266-466C-99F0-587FFDEDD396}.Debug|x86.ActiveCfg = Debug|Any CPU
		{C161829F-A266-466C-99F0-587FFDEDD396}.Debug|x86.Build.0 = Debug|Any CPU
		{C161829F-A266-466C-99F0-587FFDEDD396}.Release|Any CPU.ActiveCfg = Release|Any CPU
		{C161829F-A266-466C-99F0-587FFDEDD396}.Release|Any CPU.Build.0 = Release|Any CPU
		{C161829F-A266-466C-99F0-587FFDEDD396}.Release|x64.ActiveCfg = Release|Any CPU
		{C161829F-A266-466C-99F0-587FFDEDD396}.Release|x64.Build.0 = Release|Any CPU
		{C161829F-A266-466C-99F0-587FFDEDD396}.Release|x86.ActiveCfg = Release|Any CPU
		{C161829F-A266-466C-99F0-587FFDEDD396}.Release|x86.Build.0 = Release|Any CPU
		{58B88E78-4994-4D5F-AAE8-D93543329660}.Debug|Any CPU.ActiveCfg = Debug|Any CPU
		{58B88E78-4994-4D5F-AAE8-D93543329660}.Debug|Any CPU.Build.0 = Debug|Any CPU
		{58B88E78-4994-4D5F-AAE8-D93543329660}.Debug|x64.ActiveCfg = Debug|Any CPU
		{58B88E78-4994-4D5F-AAE8-D93543329660}.Debug|x64.Build.0 = Debug|Any CPU
		{58B88E78-4994-4D5F-AAE8-D93543329660}.Debug|x86.ActiveCfg = Debug|Any CPU
		{58B88E78-4994-4D5F-AAE8-D93543329660}.Debug|x86.Build.0 = Debug|Any CPU
		{58B88E78-4994-4D5F-AAE8-D93543329660}.Release|Any CPU.ActiveCfg = Release|Any CPU
		{58B88E78-4994-4D5F-AAE8-D93543329660}.Release|Any CPU.Build.0 = Release|Any CPU
		{58B88E78-4994-4D5F-AAE8-D93543329660}.Release|x64.ActiveCfg = Release|Any CPU
		{58B88E78-4994-4D5F-AAE8-D93543329660}.Release|x64.Build.0 = Release|Any CPU
		{58B88E78-4994-4D5F-AAE8-D93543329660}.Release|x86.ActiveCfg = Release|Any CPU
		{58B88E78-4994-4D5F-AAE8-D93543329660}.Release|x86.Build.0 = Release|Any CPU
		{7C52A6DA-D7BC-4605-B82C-8067B7346DEE}.Debug|Any CPU.ActiveCfg = Debug|Any CPU
		{7C52A6DA-D7BC-4605-B82C-8067B7346DEE}.Debug|Any CPU.Build.0 = Debug|Any CPU
		{7C52A6DA-D7BC-4605-B82C-8067B7346DEE}.Debug|x64.ActiveCfg = Debug|Any CPU
		{7C52A6DA-D7BC-4605-B82C-8067B7346DEE}.Debug|x64.Build.0 = Debug|Any CPU
		{7C52A6DA-D7BC-4605-B82C-8067B7346DEE}.Debug|x86.ActiveCfg = Debug|Any CPU
		{7C52A6DA-D7BC-4605-B82C-8067B7346DEE}.Debug|x86.Build.0 = Debug|Any CPU
		{7C52A6DA-D7BC-4605-B82C-8067B7346DEE}.Release|Any CPU.ActiveCfg = Release|Any CPU
		{7C52A6DA-D7BC-4605-B82C-8067B7346DEE}.Release|Any CPU.Build.0 = Release|Any CPU
		{7C52A6DA-D7BC-4605-B82C-8067B7346DEE}.Release|x64.ActiveCfg = Release|Any CPU
		{7C52A6DA-D7BC-4605-B82C-8067B7346DEE}.Release|x64.Build.0 = Release|Any CPU
		{7C52A6DA-D7BC-4605-B82C-8067B7346DEE}.Release|x86.ActiveCfg = Release|Any CPU
		{7C52A6DA-D7BC-4605-B82C-8067B7346DEE}.Release|x86.Build.0 = Release|Any CPU
		{F11A883A-A842-44B0-8A09-471991D4E08C}.Debug|Any CPU.ActiveCfg = Debug|Any CPU
		{F11A883A-A842-44B0-8A09-471991D4E08C}.Debug|Any CPU.Build.0 = Debug|Any CPU
		{F11A883A-A842-44B0-8A09-471991D4E08C}.Debug|x64.ActiveCfg = Debug|Any CPU
		{F11A883A-A842-44B0-8A09-471991D4E08C}.Debug|x64.Build.0 = Debug|Any CPU
		{F11A883A-A842-44B0-8A09-471991D4E08C}.Debug|x86.ActiveCfg = Debug|Any CPU
		{F11A883A-A842-44B0-8A09-471991D4E08C}.Debug|x86.Build.0 = Debug|Any CPU
		{F11A883A-A842-44B0-8A09-471991D4E08C}.Release|Any CPU.ActiveCfg = Release|Any CPU
		{F11A883A-A842-44B0-8A09-471991D4E08C}.Release|Any CPU.Build.0 = Release|Any CPU
		{F11A883A-A842-44B0-8A09-471991D4E08C}.Release|x64.ActiveCfg = Release|Any CPU
		{F11A883A-A842-44B0-8A09-471991D4E08C}.Release|x64.Build.0 = Release|Any CPU
		{F11A883A-A842-44B0-8A09-471991D4E08C}.Release|x86.ActiveCfg = Release|Any CPU
		{F11A883A-A842-44B0-8A09-471991D4E08C}.Release|x86.Build.0 = Release|Any CPU
		{C0832486-B150-4285-B566-E1AC8DEE3E9E}.Debug|Any CPU.ActiveCfg = Debug|Any CPU
		{C0832486-B150-4285-B566-E1AC8DEE3E9E}.Debug|Any CPU.Build.0 = Debug|Any CPU
		{C0832486-B150-4285-B566-E1AC8DEE3E9E}.Debug|x64.ActiveCfg = Debug|Any CPU
		{C0832486-B150-4285-B566-E1AC8DEE3E9E}.Debug|x64.Build.0 = Debug|Any CPU
		{C0832486-B150-4285-B566-E1AC8DEE3E9E}.Debug|x86.ActiveCfg = Debug|Any CPU
		{C0832486-B150-4285-B566-E1AC8DEE3E9E}.Debug|x86.Build.0 = Debug|Any CPU
		{C0832486-B150-4285-B566-E1AC8DEE3E9E}.Release|Any CPU.ActiveCfg = Release|Any CPU
		{C0832486-B150-4285-B566-E1AC8DEE3E9E}.Release|Any CPU.Build.0 = Release|Any CPU
		{C0832486-B150-4285-B566-E1AC8DEE3E9E}.Release|x64.ActiveCfg = Release|Any CPU
		{C0832486-B150-4285-B566-E1AC8DEE3E9E}.Release|x64.Build.0 = Release|Any CPU
		{C0832486-B150-4285-B566-E1AC8DEE3E9E}.Release|x86.ActiveCfg = Release|Any CPU
		{C0832486-B150-4285-B566-E1AC8DEE3E9E}.Release|x86.Build.0 = Release|Any CPU
	EndGlobalSection
	GlobalSection(NestedProjects) = preSolution
		{A533A82A-50F2-492C-A3A6-C0F969E54D09} = {647D7025-88E9-4E6C-ABBF-48F195F2FB17}
		{16519209-1499-4EA0-A83C-0F35799F58D7} = {BEFC8632-D995-452E-9313-FFFBD16D4000}
		{E7C709C4-EF83-4FE4-AA44-55FCD71E14FA} = {BEFC8632-D995-452E-9313-FFFBD16D4000}
		{9AD19108-3F71-439C-BA88-5E2292C3FE16} = {E7C709C4-EF83-4FE4-AA44-55FCD71E14FA}
		{1365D536-590C-483C-B74C-E4F71F838520} = {E7C709C4-EF83-4FE4-AA44-55FCD71E14FA}
		{0FDC2CE5-8F3C-41AC-A06E-E396B2E701E2} = {E7C709C4-EF83-4FE4-AA44-55FCD71E14FA}
		{FA162CE3-75B9-4268-B48D-6A3E9676ABFC} = {BEFC8632-D995-452E-9313-FFFBD16D4000}
		{BB5C2041-FAFF-4CD0-895E-390A11DCFAB3} = {FA162CE3-75B9-4268-B48D-6A3E9676ABFC}
		{452C268A-793F-4166-800A-ECA69E77B817} = {FA162CE3-75B9-4268-B48D-6A3E9676ABFC}
		{D3689C68-FD69-40A2-AAF4-14033F79D50C} = {FA162CE3-75B9-4268-B48D-6A3E9676ABFC}
		{20DF9728-9299-4FF9-BEEC-DC296BF3DFE6} = {BEFC8632-D995-452E-9313-FFFBD16D4000}
		{C161829F-A266-466C-99F0-587FFDEDD396} = {20DF9728-9299-4FF9-BEEC-DC296BF3DFE6}
		{8F93652A-7BB0-4AA0-96F6-D659C8A0AA7D} = {BEFC8632-D995-452E-9313-FFFBD16D4000}
		{58B88E78-4994-4D5F-AAE8-D93543329660} = {8F93652A-7BB0-4AA0-96F6-D659C8A0AA7D}
		{2519A26E-8320-41C1-B40D-635CF747932F} = {BEFC8632-D995-452E-9313-FFFBD16D4000}
		{7C52A6DA-D7BC-4605-B82C-8067B7346DEE} = {2519A26E-8320-41C1-B40D-635CF747932F}
		{F11A883A-A842-44B0-8A09-471991D4E08C} = {2519A26E-8320-41C1-B40D-635CF747932F}
		{C0832486-B150-4285-B566-E1AC8DEE3E9E} = {2519A26E-8320-41C1-B40D-635CF747932F}
	EndGlobalSection
EndGlobal
