
Microsoft Visual Studio Solution File, Format Version 12.00
# Visual Studio 15
VisualStudioVersion = 15.0.26124.0
MinimumVisualStudioVersion = 15.0.26124.0
Project("{2150E333-8FDC-42A3-9474-1A3956D46DE8}") = "natives", "natives", "{5191AB8A-D623-43B0-B2F6-E1774BBB25C0}"
EndProject
Project("{8BC9CEB8-8B4A-11D0-8D11-00A0C91BC942}") = "minimp3", "natives\minimp3\minimp3.cxxproj", "{97BE9714-03F1-49F9-BB40-370C84E976ED}"
EndProject
Project("{2150E333-8FDC-42A3-9474-1A3956D46DE8}") = "src", "src", "{DF49A432-256A-4D43-8AB5-315FC5344429}"
EndProject
Project("{FAE04EC0-301F-11D3-BF4B-00C04F79EFBC}") = "Thermite", "src\Core\Thermite.csproj", "{CA4273B4-696D-46D9-A1A9-431CE43ED44C}"
EndProject
Project("{2150E333-8FDC-42A3-9474-1A3956D46DE8}") = "Decoders", "Decoders", "{6DDA954F-403E-47CE-8288-56CE9E56BDF4}"
EndProject
Project("{FAE04EC0-301F-11D3-BF4B-00C04F79EFBC}") = "Thermite.Decoders.Matroska", "src\Decoders\Matroska\Thermite.Decoders.Matroska.csproj", "{6ECCD04A-0D33-49AE-99B2-4DF2BD3207FC}"
EndProject
Project("{FAE04EC0-301F-11D3-BF4B-00C04F79EFBC}") = "Thermite.Decoders.Mpeg", "src\Decoders\Mpeg\Thermite.Decoders.Mpeg.csproj", "{9C4878BF-1808-41BE-ACA3-82A4F5596BD3}"
EndProject
Project("{FAE04EC0-301F-11D3-BF4B-00C04F79EFBC}") = "Thermite.Decoders.Wave", "src\Decoders\Wave\Thermite.Decoders.Wave.csproj", "{7078030F-CDCC-4B63-B159-2978C52DBB6B}"
EndProject
Project("{2150E333-8FDC-42A3-9474-1A3956D46DE8}") = "Providers", "Providers", "{0FA2429E-1B86-4A27-B520-EB8BC8CCBD72}"
EndProject
Project("{FAE04EC0-301F-11D3-BF4B-00C04F79EFBC}") = "Thermite.Providers.Http", "src\Providers\Http\Thermite.Providers.Http.csproj", "{B573F291-CE48-441C-905B-FAD8BA7AF47A}"
EndProject
Project("{2150E333-8FDC-42A3-9474-1A3956D46DE8}") = "Sources", "Sources", "{857BBC26-C667-4636-B53E-7455A5BD2C01}"
EndProject
Project("{FAE04EC0-301F-11D3-BF4B-00C04F79EFBC}") = "Thermite.Sources.YouTube", "src\Sources\YouTube\Thermite.Sources.YouTube.csproj", "{0426E7A7-54DB-493C-A894-F9063E93F208}"
EndProject
Project("{2150E333-8FDC-42A3-9474-1A3956D46DE8}") = "Transcoders", "Transcoders", "{C6B4DD2B-4E53-474C-B35F-31915EC17C9F}"
EndProject
Project("{FAE04EC0-301F-11D3-BF4B-00C04F79EFBC}") = "Thermite.Transcoders.Mpeg", "src\Transcoders\Mpeg\Thermite.Transcoders.Mpeg.csproj", "{0AC2FF8D-F16A-4AB8-BDCE-9476DCF4D5B5}"
EndProject
Project("{FAE04EC0-301F-11D3-BF4B-00C04F79EFBC}") = "Thermite.Transcoders.Opus", "src\Transcoders\Opus\Thermite.Transcoders.Opus.csproj", "{62814A1F-AB03-4311-9032-55069B398DD6}"
EndProject
Project("{FAE04EC0-301F-11D3-BF4B-00C04F79EFBC}") = "Thermite.Transcoders.Pcm", "src\Transcoders\Pcm\Thermite.Transcoders.Pcm.csproj", "{114E41BD-4E06-4382-8B8A-B1DEC7731D5D}"
EndProject
Global
	GlobalSection(SolutionConfigurationPlatforms) = preSolution
		Debug|Any CPU = Debug|Any CPU
		Debug|x64 = Debug|x64
		Debug|x86 = Debug|x86
		Release|Any CPU = Release|Any CPU
		Release|x64 = Release|x64
		Release|x86 = Release|x86
	EndGlobalSection
	GlobalSection(SolutionProperties) = preSolution
		HideSolutionNode = FALSE
	EndGlobalSection
	GlobalSection(ProjectConfigurationPlatforms) = postSolution
		{97BE9714-03F1-49F9-BB40-370C84E976ED}.Debug|Any CPU.ActiveCfg = Debug|Any CPU
		{97BE9714-03F1-49F9-BB40-370C84E976ED}.Debug|Any CPU.Build.0 = Debug|Any CPU
		{97BE9714-03F1-49F9-BB40-370C84E976ED}.Debug|x64.ActiveCfg = Debug|Any CPU
		{97BE9714-03F1-49F9-BB40-370C84E976ED}.Debug|x64.Build.0 = Debug|Any CPU
		{97BE9714-03F1-49F9-BB40-370C84E976ED}.Debug|x86.ActiveCfg = Debug|Any CPU
		{97BE9714-03F1-49F9-BB40-370C84E976ED}.Debug|x86.Build.0 = Debug|Any CPU
		{97BE9714-03F1-49F9-BB40-370C84E976ED}.Release|Any CPU.ActiveCfg = Release|Any CPU
		{97BE9714-03F1-49F9-BB40-370C84E976ED}.Release|Any CPU.Build.0 = Release|Any CPU
		{97BE9714-03F1-49F9-BB40-370C84E976ED}.Release|x64.ActiveCfg = Release|Any CPU
		{97BE9714-03F1-49F9-BB40-370C84E976ED}.Release|x64.Build.0 = Release|Any CPU
		{97BE9714-03F1-49F9-BB40-370C84E976ED}.Release|x86.ActiveCfg = Release|Any CPU
		{97BE9714-03F1-49F9-BB40-370C84E976ED}.Release|x86.Build.0 = Release|Any CPU
		{CA4273B4-696D-46D9-A1A9-431CE43ED44C}.Debug|Any CPU.ActiveCfg = Debug|Any CPU
		{CA4273B4-696D-46D9-A1A9-431CE43ED44C}.Debug|Any CPU.Build.0 = Debug|Any CPU
		{CA4273B4-696D-46D9-A1A9-431CE43ED44C}.Debug|x64.ActiveCfg = Debug|Any CPU
		{CA4273B4-696D-46D9-A1A9-431CE43ED44C}.Debug|x64.Build.0 = Debug|Any CPU
		{CA4273B4-696D-46D9-A1A9-431CE43ED44C}.Debug|x86.ActiveCfg = Debug|Any CPU
		{CA4273B4-696D-46D9-A1A9-431CE43ED44C}.Debug|x86.Build.0 = Debug|Any CPU
		{CA4273B4-696D-46D9-A1A9-431CE43ED44C}.Release|Any CPU.ActiveCfg = Release|Any CPU
		{CA4273B4-696D-46D9-A1A9-431CE43ED44C}.Release|Any CPU.Build.0 = Release|Any CPU
		{CA4273B4-696D-46D9-A1A9-431CE43ED44C}.Release|x64.ActiveCfg = Release|Any CPU
		{CA4273B4-696D-46D9-A1A9-431CE43ED44C}.Release|x64.Build.0 = Release|Any CPU
		{CA4273B4-696D-46D9-A1A9-431CE43ED44C}.Release|x86.ActiveCfg = Release|Any CPU
		{CA4273B4-696D-46D9-A1A9-431CE43ED44C}.Release|x86.Build.0 = Release|Any CPU
		{6ECCD04A-0D33-49AE-99B2-4DF2BD3207FC}.Debug|Any CPU.ActiveCfg = Debug|Any CPU
		{6ECCD04A-0D33-49AE-99B2-4DF2BD3207FC}.Debug|Any CPU.Build.0 = Debug|Any CPU
		{6ECCD04A-0D33-49AE-99B2-4DF2BD3207FC}.Debug|x64.ActiveCfg = Debug|Any CPU
		{6ECCD04A-0D33-49AE-99B2-4DF2BD3207FC}.Debug|x64.Build.0 = Debug|Any CPU
		{6ECCD04A-0D33-49AE-99B2-4DF2BD3207FC}.Debug|x86.ActiveCfg = Debug|Any CPU
		{6ECCD04A-0D33-49AE-99B2-4DF2BD3207FC}.Debug|x86.Build.0 = Debug|Any CPU
		{6ECCD04A-0D33-49AE-99B2-4DF2BD3207FC}.Release|Any CPU.ActiveCfg = Release|Any CPU
		{6ECCD04A-0D33-49AE-99B2-4DF2BD3207FC}.Release|Any CPU.Build.0 = Release|Any CPU
		{6ECCD04A-0D33-49AE-99B2-4DF2BD3207FC}.Release|x64.ActiveCfg = Release|Any CPU
		{6ECCD04A-0D33-49AE-99B2-4DF2BD3207FC}.Release|x64.Build.0 = Release|Any CPU
		{6ECCD04A-0D33-49AE-99B2-4DF2BD3207FC}.Release|x86.ActiveCfg = Release|Any CPU
		{6ECCD04A-0D33-49AE-99B2-4DF2BD3207FC}.Release|x86.Build.0 = Release|Any CPU
		{9C4878BF-1808-41BE-ACA3-82A4F5596BD3}.Debug|Any CPU.ActiveCfg = Debug|Any CPU
		{9C4878BF-1808-41BE-ACA3-82A4F5596BD3}.Debug|Any CPU.Build.0 = Debug|Any CPU
		{9C4878BF-1808-41BE-ACA3-82A4F5596BD3}.Debug|x64.ActiveCfg = Debug|Any CPU
		{9C4878BF-1808-41BE-ACA3-82A4F5596BD3}.Debug|x64.Build.0 = Debug|Any CPU
		{9C4878BF-1808-41BE-ACA3-82A4F5596BD3}.Debug|x86.ActiveCfg = Debug|Any CPU
		{9C4878BF-1808-41BE-ACA3-82A4F5596BD3}.Debug|x86.Build.0 = Debug|Any CPU
		{9C4878BF-1808-41BE-ACA3-82A4F5596BD3}.Release|Any CPU.ActiveCfg = Release|Any CPU
		{9C4878BF-1808-41BE-ACA3-82A4F5596BD3}.Release|Any CPU.Build.0 = Release|Any CPU
		{9C4878BF-1808-41BE-ACA3-82A4F5596BD3}.Release|x64.ActiveCfg = Release|Any CPU
		{9C4878BF-1808-41BE-ACA3-82A4F5596BD3}.Release|x64.Build.0 = Release|Any CPU
		{9C4878BF-1808-41BE-ACA3-82A4F5596BD3}.Release|x86.ActiveCfg = Release|Any CPU
		{9C4878BF-1808-41BE-ACA3-82A4F5596BD3}.Release|x86.Build.0 = Release|Any CPU
		{7078030F-CDCC-4B63-B159-2978C52DBB6B}.Debug|Any CPU.ActiveCfg = Debug|Any CPU
		{7078030F-CDCC-4B63-B159-2978C52DBB6B}.Debug|Any CPU.Build.0 = Debug|Any CPU
		{7078030F-CDCC-4B63-B159-2978C52DBB6B}.Debug|x64.ActiveCfg = Debug|Any CPU
		{7078030F-CDCC-4B63-B159-2978C52DBB6B}.Debug|x64.Build.0 = Debug|Any CPU
		{7078030F-CDCC-4B63-B159-2978C52DBB6B}.Debug|x86.ActiveCfg = Debug|Any CPU
		{7078030F-CDCC-4B63-B159-2978C52DBB6B}.Debug|x86.Build.0 = Debug|Any CPU
		{7078030F-CDCC-4B63-B159-2978C52DBB6B}.Release|Any CPU.ActiveCfg = Release|Any CPU
		{7078030F-CDCC-4B63-B159-2978C52DBB6B}.Release|Any CPU.Build.0 = Release|Any CPU
		{7078030F-CDCC-4B63-B159-2978C52DBB6B}.Release|x64.ActiveCfg = Release|Any CPU
		{7078030F-CDCC-4B63-B159-2978C52DBB6B}.Release|x64.Build.0 = Release|Any CPU
		{7078030F-CDCC-4B63-B159-2978C52DBB6B}.Release|x86.ActiveCfg = Release|Any CPU
		{7078030F-CDCC-4B63-B159-2978C52DBB6B}.Release|x86.Build.0 = Release|Any CPU
		{B573F291-CE48-441C-905B-FAD8BA7AF47A}.Debug|Any CPU.ActiveCfg = Debug|Any CPU
		{B573F291-CE48-441C-905B-FAD8BA7AF47A}.Debug|Any CPU.Build.0 = Debug|Any CPU
		{B573F291-CE48-441C-905B-FAD8BA7AF47A}.Debug|x64.ActiveCfg = Debug|Any CPU
		{B573F291-CE48-441C-905B-FAD8BA7AF47A}.Debug|x64.Build.0 = Debug|Any CPU
		{B573F291-CE48-441C-905B-FAD8BA7AF47A}.Debug|x86.ActiveCfg = Debug|Any CPU
		{B573F291-CE48-441C-905B-FAD8BA7AF47A}.Debug|x86.Build.0 = Debug|Any CPU
		{B573F291-CE48-441C-905B-FAD8BA7AF47A}.Release|Any CPU.ActiveCfg = Release|Any CPU
		{B573F291-CE48-441C-905B-FAD8BA7AF47A}.Release|Any CPU.Build.0 = Release|Any CPU
		{B573F291-CE48-441C-905B-FAD8BA7AF47A}.Release|x64.ActiveCfg = Release|Any CPU
		{B573F291-CE48-441C-905B-FAD8BA7AF47A}.Release|x64.Build.0 = Release|Any CPU
		{B573F291-CE48-441C-905B-FAD8BA7AF47A}.Release|x86.ActiveCfg = Release|Any CPU
		{B573F291-CE48-441C-905B-FAD8BA7AF47A}.Release|x86.Build.0 = Release|Any CPU
		{0426E7A7-54DB-493C-A894-F9063E93F208}.Debug|Any CPU.ActiveCfg = Debug|Any CPU
		{0426E7A7-54DB-493C-A894-F9063E93F208}.Debug|Any CPU.Build.0 = Debug|Any CPU
		{0426E7A7-54DB-493C-A894-F9063E93F208}.Debug|x64.ActiveCfg = Debug|Any CPU
		{0426E7A7-54DB-493C-A894-F9063E93F208}.Debug|x64.Build.0 = Debug|Any CPU
		{0426E7A7-54DB-493C-A894-F9063E93F208}.Debug|x86.ActiveCfg = Debug|Any CPU
		{0426E7A7-54DB-493C-A894-F9063E93F208}.Debug|x86.Build.0 = Debug|Any CPU
		{0426E7A7-54DB-493C-A894-F9063E93F208}.Release|Any CPU.ActiveCfg = Release|Any CPU
		{0426E7A7-54DB-493C-A894-F9063E93F208}.Release|Any CPU.Build.0 = Release|Any CPU
		{0426E7A7-54DB-493C-A894-F9063E93F208}.Release|x64.ActiveCfg = Release|Any CPU
		{0426E7A7-54DB-493C-A894-F9063E93F208}.Release|x64.Build.0 = Release|Any CPU
		{0426E7A7-54DB-493C-A894-F9063E93F208}.Release|x86.ActiveCfg = Release|Any CPU
		{0426E7A7-54DB-493C-A894-F9063E93F208}.Release|x86.Build.0 = Release|Any CPU
		{0AC2FF8D-F16A-4AB8-BDCE-9476DCF4D5B5}.Debug|Any CPU.ActiveCfg = Debug|Any CPU
		{0AC2FF8D-F16A-4AB8-BDCE-9476DCF4D5B5}.Debug|Any CPU.Build.0 = Debug|Any CPU
		{0AC2FF8D-F16A-4AB8-BDCE-9476DCF4D5B5}.Debug|x64.ActiveCfg = Debug|Any CPU
		{0AC2FF8D-F16A-4AB8-BDCE-9476DCF4D5B5}.Debug|x64.Build.0 = Debug|Any CPU
		{0AC2FF8D-F16A-4AB8-BDCE-9476DCF4D5B5}.Debug|x86.ActiveCfg = Debug|Any CPU
		{0AC2FF8D-F16A-4AB8-BDCE-9476DCF4D5B5}.Debug|x86.Build.0 = Debug|Any CPU
		{0AC2FF8D-F16A-4AB8-BDCE-9476DCF4D5B5}.Release|Any CPU.ActiveCfg = Release|Any CPU
		{0AC2FF8D-F16A-4AB8-BDCE-9476DCF4D5B5}.Release|Any CPU.Build.0 = Release|Any CPU
		{0AC2FF8D-F16A-4AB8-BDCE-9476DCF4D5B5}.Release|x64.ActiveCfg = Release|Any CPU
		{0AC2FF8D-F16A-4AB8-BDCE-9476DCF4D5B5}.Release|x64.Build.0 = Release|Any CPU
		{0AC2FF8D-F16A-4AB8-BDCE-9476DCF4D5B5}.Release|x86.ActiveCfg = Release|Any CPU
		{0AC2FF8D-F16A-4AB8-BDCE-9476DCF4D5B5}.Release|x86.Build.0 = Release|Any CPU
		{62814A1F-AB03-4311-9032-55069B398DD6}.Debug|Any CPU.ActiveCfg = Debug|Any CPU
		{62814A1F-AB03-4311-9032-55069B398DD6}.Debug|Any CPU.Build.0 = Debug|Any CPU
		{62814A1F-AB03-4311-9032-55069B398DD6}.Debug|x64.ActiveCfg = Debug|Any CPU
		{62814A1F-AB03-4311-9032-55069B398DD6}.Debug|x64.Build.0 = Debug|Any CPU
		{62814A1F-AB03-4311-9032-55069B398DD6}.Debug|x86.ActiveCfg = Debug|Any CPU
		{62814A1F-AB03-4311-9032-55069B398DD6}.Debug|x86.Build.0 = Debug|Any CPU
		{62814A1F-AB03-4311-9032-55069B398DD6}.Release|Any CPU.ActiveCfg = Release|Any CPU
		{62814A1F-AB03-4311-9032-55069B398DD6}.Release|Any CPU.Build.0 = Release|Any CPU
		{62814A1F-AB03-4311-9032-55069B398DD6}.Release|x64.ActiveCfg = Release|Any CPU
		{62814A1F-AB03-4311-9032-55069B398DD6}.Release|x64.Build.0 = Release|Any CPU
		{62814A1F-AB03-4311-9032-55069B398DD6}.Release|x86.ActiveCfg = Release|Any CPU
		{62814A1F-AB03-4311-9032-55069B398DD6}.Release|x86.Build.0 = Release|Any CPU
		{114E41BD-4E06-4382-8B8A-B1DEC7731D5D}.Debug|Any CPU.ActiveCfg = Debug|Any CPU
		{114E41BD-4E06-4382-8B8A-B1DEC7731D5D}.Debug|Any CPU.Build.0 = Debug|Any CPU
		{114E41BD-4E06-4382-8B8A-B1DEC7731D5D}.Debug|x64.ActiveCfg = Debug|Any CPU
		{114E41BD-4E06-4382-8B8A-B1DEC7731D5D}.Debug|x64.Build.0 = Debug|Any CPU
		{114E41BD-4E06-4382-8B8A-B1DEC7731D5D}.Debug|x86.ActiveCfg = Debug|Any CPU
		{114E41BD-4E06-4382-8B8A-B1DEC7731D5D}.Debug|x86.Build.0 = Debug|Any CPU
		{114E41BD-4E06-4382-8B8A-B1DEC7731D5D}.Release|Any CPU.ActiveCfg = Release|Any CPU
		{114E41BD-4E06-4382-8B8A-B1DEC7731D5D}.Release|Any CPU.Build.0 = Release|Any CPU
		{114E41BD-4E06-4382-8B8A-B1DEC7731D5D}.Release|x64.ActiveCfg = Release|Any CPU
		{114E41BD-4E06-4382-8B8A-B1DEC7731D5D}.Release|x64.Build.0 = Release|Any CPU
		{114E41BD-4E06-4382-8B8A-B1DEC7731D5D}.Release|x86.ActiveCfg = Release|Any CPU
		{114E41BD-4E06-4382-8B8A-B1DEC7731D5D}.Release|x86.Build.0 = Release|Any CPU
	EndGlobalSection
	GlobalSection(NestedProjects) = preSolution
		{97BE9714-03F1-49F9-BB40-370C84E976ED} = {5191AB8A-D623-43B0-B2F6-E1774BBB25C0}
		{CA4273B4-696D-46D9-A1A9-431CE43ED44C} = {DF49A432-256A-4D43-8AB5-315FC5344429}
		{6DDA954F-403E-47CE-8288-56CE9E56BDF4} = {DF49A432-256A-4D43-8AB5-315FC5344429}
		{6ECCD04A-0D33-49AE-99B2-4DF2BD3207FC} = {6DDA954F-403E-47CE-8288-56CE9E56BDF4}
		{9C4878BF-1808-41BE-ACA3-82A4F5596BD3} = {6DDA954F-403E-47CE-8288-56CE9E56BDF4}
		{7078030F-CDCC-4B63-B159-2978C52DBB6B} = {6DDA954F-403E-47CE-8288-56CE9E56BDF4}
		{0FA2429E-1B86-4A27-B520-EB8BC8CCBD72} = {DF49A432-256A-4D43-8AB5-315FC5344429}
		{B573F291-CE48-441C-905B-FAD8BA7AF47A} = {0FA2429E-1B86-4A27-B520-EB8BC8CCBD72}
		{857BBC26-C667-4636-B53E-7455A5BD2C01} = {DF49A432-256A-4D43-8AB5-315FC5344429}
		{0426E7A7-54DB-493C-A894-F9063E93F208} = {857BBC26-C667-4636-B53E-7455A5BD2C01}
		{C6B4DD2B-4E53-474C-B35F-31915EC17C9F} = {DF49A432-256A-4D43-8AB5-315FC5344429}
		{0AC2FF8D-F16A-4AB8-BDCE-9476DCF4D5B5} = {C6B4DD2B-4E53-474C-B35F-31915EC17C9F}
		{62814A1F-AB03-4311-9032-55069B398DD6} = {C6B4DD2B-4E53-474C-B35F-31915EC17C9F}
		{114E41BD-4E06-4382-8B8A-B1DEC7731D5D} = {C6B4DD2B-4E53-474C-B35F-31915EC17C9F}
	EndGlobalSection
EndGlobal
