
Microsoft Visual Studio Solution File, Format Version 12.00
# Visual Studio 15
VisualStudioVersion = 15.0.26124.0
MinimumVisualStudioVersion = 15.0.26124.0
Project("{8BC9CEB8-8B4A-11D0-8D11-00A0C91BC942}") = "minimp3", "..\natives\minimp3\minimp3.cxxproj", "{C73B2FDC-6B76-4A05-8A96-306CB3AF3E81}"
EndProject
Global
	GlobalSection(SolutionProperties) = preSolution
		HideSolutionNode = FALSE
	EndGlobalSection
	GlobalSection(SolutionConfigurationPlatforms) = preSolution
		Debug|Any CPU = Debug|Any CPU
		Debug|x64 = Debug|x64
		Debug|x86 = Debug|x86
		Release|Any CPU = Release|Any CPU
		Release|x64 = Release|x64
		Release|x86 = Release|x86
	EndGlobalSection
	GlobalSection(ProjectConfigurationPlatforms) = postSolution
		{C73B2FDC-6B76-4A05-8A96-306CB3AF3E81}.Debug|Any CPU.ActiveCfg = Debug|Any CPU
		{C73B2FDC-6B76-4A05-8A96-306CB3AF3E81}.Debug|Any CPU.Build.0 = Debug|Any CPU
		{C73B2FDC-6B76-4A05-8A96-306CB3AF3E81}.Debug|x64.ActiveCfg = Debug|Any CPU
		{C73B2FDC-6B76-4A05-8A96-306CB3AF3E81}.Debug|x64.Build.0 = Debug|Any CPU
		{C73B2FDC-6B76-4A05-8A96-306CB3AF3E81}.Debug|x86.ActiveCfg = Debug|Any CPU
		{C73B2FDC-6B76-4A05-8A96-306CB3AF3E81}.Debug|x86.Build.0 = Debug|Any CPU
		{C73B2FDC-6B76-4A05-8A96-306CB3AF3E81}.Release|Any CPU.ActiveCfg = Release|Any CPU
		{C73B2FDC-6B76-4A05-8A96-306CB3AF3E81}.Release|Any CPU.Build.0 = Release|Any CPU
		{C73B2FDC-6B76-4A05-8A96-306CB3AF3E81}.Release|x64.ActiveCfg = Release|Any CPU
		{C73B2FDC-6B76-4A05-8A96-306CB3AF3E81}.Release|x64.Build.0 = Release|Any CPU
		{C73B2FDC-6B76-4A05-8A96-306CB3AF3E81}.Release|x86.ActiveCfg = Release|Any CPU
		{C73B2FDC-6B76-4A05-8A96-306CB3AF3E81}.Release|x86.Build.0 = Release|Any CPU
	EndGlobalSection
EndGlobal
